// !$*UTF8*$!
{
	archiveVersion = 1;
	classes = {
	};
	objectVersion = 50;
	objects = {

/* Begin PBXBuildFile section */
		041D27532580B26F00A2A541 /* AppDelegate.swift in Sources */ = {isa = PBXBuildFile; fileRef = 041D27522580B26F00A2A541 /* AppDelegate.swift */; };
		041D27552580B26F00A2A541 /* SceneDelegate.swift in Sources */ = {isa = PBXBuildFile; fileRef = 041D27542580B26F00A2A541 /* SceneDelegate.swift */; };
		041D27572580B26F00A2A541 /* ViewController.swift in Sources */ = {isa = PBXBuildFile; fileRef = 041D27562580B26F00A2A541 /* ViewController.swift */; };
		041D275A2580B26F00A2A541 /* Main.storyboard in Resources */ = {isa = PBXBuildFile; fileRef = 041D27582580B26F00A2A541 /* Main.storyboard */; };
		041D275C2580B27400A2A541 /* Assets.xcassets in Resources */ = {isa = PBXBuildFile; fileRef = 041D275B2580B27400A2A541 /* Assets.xcassets */; };
		041D275F2580B27400A2A541 /* LaunchScreen.storyboard in Resources */ = {isa = PBXBuildFile; fileRef = 041D275D2580B27400A2A541 /* LaunchScreen.storyboard */; };
		041D276A2580B27400A2A541 /* CT_Covid_Data_AppTests.swift in Sources */ = {isa = PBXBuildFile; fileRef = 041D27692580B27400A2A541 /* CT_Covid_Data_AppTests.swift */; };
		041D27752580B27400A2A541 /* CT_Covid_Data_AppUITests.swift in Sources */ = {isa = PBXBuildFile; fileRef = 041D27742580B27400A2A541 /* CT_Covid_Data_AppUITests.swift */; };
		047ABF8A25865239006054AB /* DataAlgos.swift in Sources */ = {isa = PBXBuildFile; fileRef = 047ABF8925865239006054AB /* DataAlgos.swift */; };
		047ABF8F25865253006054AB /* Totals.swift in Sources */ = {isa = PBXBuildFile; fileRef = 047ABF8E25865253006054AB /* Totals.swift */; };
		047ABF9425865263006054AB /* Poppins in Resources */ = {isa = PBXBuildFile; fileRef = 047ABF9325865263006054AB /* Poppins */; };
/* End PBXBuildFile section */

/* Begin PBXContainerItemProxy section */
		041D27662580B27400A2A541 /* PBXContainerItemProxy */ = {
			isa = PBXContainerItemProxy;
			containerPortal = 041D27472580B26F00A2A541 /* Project object */;
			proxyType = 1;
			remoteGlobalIDString = 041D274E2580B26F00A2A541;
			remoteInfo = "CT-Covid-Data-App";
		};
		041D27712580B27400A2A541 /* PBXContainerItemProxy */ = {
			isa = PBXContainerItemProxy;
			containerPortal = 041D27472580B26F00A2A541 /* Project object */;
			proxyType = 1;
			remoteGlobalIDString = 041D274E2580B26F00A2A541;
			remoteInfo = "CT-Covid-Data-App";
		};
/* End PBXContainerItemProxy section */

/* Begin PBXFileReference section */
		041D274F2580B26F00A2A541 /* CT-Covid-Data-App.app */ = {isa = PBXFileReference; explicitFileType = wrapper.application; includeInIndex = 0; path = "CT-Covid-Data-App.app"; sourceTree = BUILT_PRODUCTS_DIR; };
		041D27522580B26F00A2A541 /* AppDelegate.swift */ = {isa = PBXFileReference; lastKnownFileType = sourcecode.swift; path = AppDelegate.swift; sourceTree = "<group>"; };
		041D27542580B26F00A2A541 /* SceneDelegate.swift */ = {isa = PBXFileReference; lastKnownFileType = sourcecode.swift; path = SceneDelegate.swift; sourceTree = "<group>"; };
		041D27562580B26F00A2A541 /* ViewController.swift */ = {isa = PBXFileReference; lastKnownFileType = sourcecode.swift; path = ViewController.swift; sourceTree = "<group>"; };
		041D27592580B26F00A2A541 /* Base */ = {isa = PBXFileReference; lastKnownFileType = file.storyboard; name = Base; path = Base.lproj/Main.storyboard; sourceTree = "<group>"; };
		041D275B2580B27400A2A541 /* Assets.xcassets */ = {isa = PBXFileReference; lastKnownFileType = folder.assetcatalog; path = Assets.xcassets; sourceTree = "<group>"; };
		041D275E2580B27400A2A541 /* Base */ = {isa = PBXFileReference; lastKnownFileType = file.storyboard; name = Base; path = Base.lproj/LaunchScreen.storyboard; sourceTree = "<group>"; };
		041D27602580B27400A2A541 /* Info.plist */ = {isa = PBXFileReference; lastKnownFileType = text.plist.xml; path = Info.plist; sourceTree = "<group>"; };
		041D27652580B27400A2A541 /* CT-Covid-Data-AppTests.xctest */ = {isa = PBXFileReference; explicitFileType = wrapper.cfbundle; includeInIndex = 0; path = "CT-Covid-Data-AppTests.xctest"; sourceTree = BUILT_PRODUCTS_DIR; };
		041D27692580B27400A2A541 /* CT_Covid_Data_AppTests.swift */ = {isa = PBXFileReference; lastKnownFileType = sourcecode.swift; path = CT_Covid_Data_AppTests.swift; sourceTree = "<group>"; };
		041D276B2580B27400A2A541 /* Info.plist */ = {isa = PBXFileReference; lastKnownFileType = text.plist.xml; path = Info.plist; sourceTree = "<group>"; };
		041D27702580B27400A2A541 /* CT-Covid-Data-AppUITests.xctest */ = {isa = PBXFileReference; explicitFileType = wrapper.cfbundle; includeInIndex = 0; path = "CT-Covid-Data-AppUITests.xctest"; sourceTree = BUILT_PRODUCTS_DIR; };
		041D27742580B27400A2A541 /* CT_Covid_Data_AppUITests.swift */ = {isa = PBXFileReference; lastKnownFileType = sourcecode.swift; path = CT_Covid_Data_AppUITests.swift; sourceTree = "<group>"; };
		041D27762580B27400A2A541 /* Info.plist */ = {isa = PBXFileReference; lastKnownFileType = text.plist.xml; path = Info.plist; sourceTree = "<group>"; };
		0470E95025865AAB001AA027 /* Poppins-ExtraLight.ttf */ = {isa = PBXFileReference; lastKnownFileType = file; path = "Poppins-ExtraLight.ttf"; sourceTree = "<group>"; };
		0470E95125865AAB001AA027 /* Poppins-ThinItalic.ttf */ = {isa = PBXFileReference; lastKnownFileType = file; path = "Poppins-ThinItalic.ttf"; sourceTree = "<group>"; };
		0470E95225865AAC001AA027 /* Poppins-ExtraLightItalic.ttf */ = {isa = PBXFileReference; lastKnownFileType = file; path = "Poppins-ExtraLightItalic.ttf"; sourceTree = "<group>"; };
		0470E95325865AAC001AA027 /* Poppins-BoldItalic.ttf */ = {isa = PBXFileReference; lastKnownFileType = file; path = "Poppins-BoldItalic.ttf"; sourceTree = "<group>"; };
		0470E95425865AAC001AA027 /* Poppins-Light.ttf */ = {isa = PBXFileReference; lastKnownFileType = file; path = "Poppins-Light.ttf"; sourceTree = "<group>"; };
		0470E95525865AAC001AA027 /* Poppins-Medium.ttf */ = {isa = PBXFileReference; lastKnownFileType = file; path = "Poppins-Medium.ttf"; sourceTree = "<group>"; };
		0470E95625865AAC001AA027 /* Poppins-SemiBoldItalic.ttf */ = {isa = PBXFileReference; lastKnownFileType = file; path = "Poppins-SemiBoldItalic.ttf"; sourceTree = "<group>"; };
		0470E95725865AAC001AA027 /* Poppins-ExtraBoldItalic.ttf */ = {isa = PBXFileReference; lastKnownFileType = file; path = "Poppins-ExtraBoldItalic.ttf"; sourceTree = "<group>"; };
		0470E95825865AAC001AA027 /* Poppins-ExtraBold.ttf */ = {isa = PBXFileReference; lastKnownFileType = file; path = "Poppins-ExtraBold.ttf"; sourceTree = "<group>"; };
		0470E95925865AAC001AA027 /* Poppins-BlackItalic.ttf */ = {isa = PBXFileReference; lastKnownFileType = file; path = "Poppins-BlackItalic.ttf"; sourceTree = "<group>"; };
		0470E95B25865AAC001AA027 /* Poppins-Regular.ttf */ = {isa = PBXFileReference; lastKnownFileType = file; path = "Poppins-Regular.ttf"; sourceTree = "<group>"; };
		0470E95C25865AAC001AA027 /* Poppins-LightItalic.ttf */ = {isa = PBXFileReference; lastKnownFileType = file; path = "Poppins-LightItalic.ttf"; sourceTree = "<group>"; };
		0470E95D25865AAC001AA027 /* Poppins-Bold.ttf */ = {isa = PBXFileReference; lastKnownFileType = file; path = "Poppins-Bold.ttf"; sourceTree = "<group>"; };
		0470E95E25865AAC001AA027 /* Poppins-Black.ttf */ = {isa = PBXFileReference; lastKnownFileType = file; path = "Poppins-Black.ttf"; sourceTree = "<group>"; };
		0470E95F25865AAC001AA027 /* Poppins-Thin.ttf */ = {isa = PBXFileReference; lastKnownFileType = file; path = "Poppins-Thin.ttf"; sourceTree = "<group>"; };
		0470E96025865AAC001AA027 /* Poppins-SemiBold.ttf */ = {isa = PBXFileReference; lastKnownFileType = file; path = "Poppins-SemiBold.ttf"; sourceTree = "<group>"; };
		0470E96125865AAC001AA027 /* Poppins-Italic.ttf */ = {isa = PBXFileReference; lastKnownFileType = file; path = "Poppins-Italic.ttf"; sourceTree = "<group>"; };
		0470E96225865AAC001AA027 /* Poppins-MediumItalic.ttf */ = {isa = PBXFileReference; lastKnownFileType = file; path = "Poppins-MediumItalic.ttf"; sourceTree = "<group>"; };
		047ABF8925865239006054AB /* DataAlgos.swift */ = {isa = PBXFileReference; fileEncoding = 4; lastKnownFileType = sourcecode.swift; name = DataAlgos.swift; path = "../../conneticut-covid-stats/conneticut-covid-stats/DataAlgos.swift"; sourceTree = "<group>"; };
		047ABF8E25865253006054AB /* Totals.swift */ = {isa = PBXFileReference; fileEncoding = 4; lastKnownFileType = sourcecode.swift; name = Totals.swift; path = "../../conneticut-covid-daily/conneticut-covid-daily/Totals.swift"; sourceTree = "<group>"; };
		047ABF9325865263006054AB /* Poppins */ = {isa = PBXFileReference; lastKnownFileType = folder; name = Poppins; path = ../../../../../../fonts/Poppins; sourceTree = "<group>"; };
/* End PBXFileReference section */

/* Begin PBXFrameworksBuildPhase section */
		041D274C2580B26F00A2A541 /* Frameworks */ = {
			isa = PBXFrameworksBuildPhase;
			buildActionMask = 2147483647;
			files = (
			);
			runOnlyForDeploymentPostprocessing = 0;
		};
		041D27622580B27400A2A541 /* Frameworks */ = {
			isa = PBXFrameworksBuildPhase;
			buildActionMask = 2147483647;
			files = (
			);
			runOnlyForDeploymentPostprocessing = 0;
		};
		041D276D2580B27400A2A541 /* Frameworks */ = {
			isa = PBXFrameworksBuildPhase;
			buildActionMask = 2147483647;
			files = (
			);
			runOnlyForDeploymentPostprocessing = 0;
		};
/* End PBXFrameworksBuildPhase section */

/* Begin PBXGroup section */
		041D27462580B26F00A2A541 = {
			isa = PBXGroup;
			children = (
				047ABF9325865263006054AB /* Poppins */,
				041D27512580B26F00A2A541 /* CT-Covid-Data-App */,
				041D27682580B27400A2A541 /* CT-Covid-Data-AppTests */,
				041D27732580B27400A2A541 /* CT-Covid-Data-AppUITests */,
				041D27502580B26F00A2A541 /* Products */,
			);
			sourceTree = "<group>";
		};
		041D27502580B26F00A2A541 /* Products */ = {
			isa = PBXGroup;
			children = (
				041D274F2580B26F00A2A541 /* CT-Covid-Data-App.app */,
				041D27652580B27400A2A541 /* CT-Covid-Data-AppTests.xctest */,
				041D27702580B27400A2A541 /* CT-Covid-Data-AppUITests.xctest */,
			);
			name = Products;
			sourceTree = "<group>";
		};
		041D27512580B26F00A2A541 /* CT-Covid-Data-App */ = {
			isa = PBXGroup;
			children = (
				0470E94F25865AAB001AA027 /* Fonts */,
				041D27522580B26F00A2A541 /* AppDelegate.swift */,
				041D27542580B26F00A2A541 /* SceneDelegate.swift */,
				041D27562580B26F00A2A541 /* ViewController.swift */,
				041D27582580B26F00A2A541 /* Main.storyboard */,
				041D275B2580B27400A2A541 /* Assets.xcassets */,
				041D275D2580B27400A2A541 /* LaunchScreen.storyboard */,
				041D27602580B27400A2A541 /* Info.plist */,
				047ABF8E25865253006054AB /* Totals.swift */,
				047ABF8925865239006054AB /* DataAlgos.swift */,
			);
			path = "CT-Covid-Data-App";
			sourceTree = "<group>";
		};
		041D27682580B27400A2A541 /* CT-Covid-Data-AppTests */ = {
			isa = PBXGroup;
			children = (
				041D27692580B27400A2A541 /* CT_Covid_Data_AppTests.swift */,
				041D276B2580B27400A2A541 /* Info.plist */,
			);
			path = "CT-Covid-Data-AppTests";
			sourceTree = "<group>";
		};
		041D27732580B27400A2A541 /* CT-Covid-Data-AppUITests */ = {
			isa = PBXGroup;
			children = (
				041D27742580B27400A2A541 /* CT_Covid_Data_AppUITests.swift */,
				041D27762580B27400A2A541 /* Info.plist */,
			);
			path = "CT-Covid-Data-AppUITests";
			sourceTree = "<group>";
		};
		0470E94F25865AAB001AA027 /* Fonts */ = {
			isa = PBXGroup;
			children = (
				0470E95025865AAB001AA027 /* Poppins-ExtraLight.ttf */,
				0470E95125865AAB001AA027 /* Poppins-ThinItalic.ttf */,
				0470E95225865AAC001AA027 /* Poppins-ExtraLightItalic.ttf */,
				0470E95325865AAC001AA027 /* Poppins-BoldItalic.ttf */,
				0470E95425865AAC001AA027 /* Poppins-Light.ttf */,
				0470E95525865AAC001AA027 /* Poppins-Medium.ttf */,
				0470E95625865AAC001AA027 /* Poppins-SemiBoldItalic.ttf */,
				0470E95725865AAC001AA027 /* Poppins-ExtraBoldItalic.ttf */,
				0470E95825865AAC001AA027 /* Poppins-ExtraBold.ttf */,
				0470E95925865AAC001AA027 /* Poppins-BlackItalic.ttf */,
				0470E95B25865AAC001AA027 /* Poppins-Regular.ttf */,
				0470E95C25865AAC001AA027 /* Poppins-LightItalic.ttf */,
				0470E95D25865AAC001AA027 /* Poppins-Bold.ttf */,
				0470E95E25865AAC001AA027 /* Poppins-Black.ttf */,
				0470E95F25865AAC001AA027 /* Poppins-Thin.ttf */,
				0470E96025865AAC001AA027 /* Poppins-SemiBold.ttf */,
				0470E96125865AAC001AA027 /* Poppins-Italic.ttf */,
				0470E96225865AAC001AA027 /* Poppins-MediumItalic.ttf */,
			);
			path = Fonts;
			sourceTree = "<group>";
		};
/* End PBXGroup section */

/* Begin PBXNativeTarget section */
		041D274E2580B26F00A2A541 /* CT-Covid-Data-App */ = {
			isa = PBXNativeTarget;
			buildConfigurationList = 041D27792580B27400A2A541 /* Build configuration list for PBXNativeTarget "CT-Covid-Data-App" */;
			buildPhases = (
				041D274B2580B26F00A2A541 /* Sources */,
				041D274C2580B26F00A2A541 /* Frameworks */,
				041D274D2580B26F00A2A541 /* Resources */,
			);
			buildRules = (
			);
			dependencies = (
			);
			name = "CT-Covid-Data-App";
			productName = "CT-Covid-Data-App";
			productReference = 041D274F2580B26F00A2A541 /* CT-Covid-Data-App.app */;
			productType = "com.apple.product-type.application";
		};
		041D27642580B27400A2A541 /* CT-Covid-Data-AppTests */ = {
			isa = PBXNativeTarget;
			buildConfigurationList = 041D277C2580B27400A2A541 /* Build configuration list for PBXNativeTarget "CT-Covid-Data-AppTests" */;
			buildPhases = (
				041D27612580B27400A2A541 /* Sources */,
				041D27622580B27400A2A541 /* Frameworks */,
				041D27632580B27400A2A541 /* Resources */,
			);
			buildRules = (
			);
			dependencies = (
				041D27672580B27400A2A541 /* PBXTargetDependency */,
			);
			name = "CT-Covid-Data-AppTests";
			productName = "CT-Covid-Data-AppTests";
			productReference = 041D27652580B27400A2A541 /* CT-Covid-Data-AppTests.xctest */;
			productType = "com.apple.product-type.bundle.unit-test";
		};
		041D276F2580B27400A2A541 /* CT-Covid-Data-AppUITests */ = {
			isa = PBXNativeTarget;
			buildConfigurationList = 041D277F2580B27400A2A541 /* Build configuration list for PBXNativeTarget "CT-Covid-Data-AppUITests" */;
			buildPhases = (
				041D276C2580B27400A2A541 /* Sources */,
				041D276D2580B27400A2A541 /* Frameworks */,
				041D276E2580B27400A2A541 /* Resources */,
			);
			buildRules = (
			);
			dependencies = (
				041D27722580B27400A2A541 /* PBXTargetDependency */,
			);
			name = "CT-Covid-Data-AppUITests";
			productName = "CT-Covid-Data-AppUITests";
			productReference = 041D27702580B27400A2A541 /* CT-Covid-Data-AppUITests.xctest */;
			productType = "com.apple.product-type.bundle.ui-testing";
		};
/* End PBXNativeTarget section */

/* Begin PBXProject section */
		041D27472580B26F00A2A541 /* Project object */ = {
			isa = PBXProject;
			attributes = {
				LastSwiftUpdateCheck = 1200;
				LastUpgradeCheck = 1200;
				TargetAttributes = {
					041D274E2580B26F00A2A541 = {
						CreatedOnToolsVersion = 12.0.1;
					};
					041D27642580B27400A2A541 = {
						CreatedOnToolsVersion = 12.0.1;
						TestTargetID = 041D274E2580B26F00A2A541;
					};
					041D276F2580B27400A2A541 = {
						CreatedOnToolsVersion = 12.0.1;
						TestTargetID = 041D274E2580B26F00A2A541;
					};
				};
			};
			buildConfigurationList = 041D274A2580B26F00A2A541 /* Build configuration list for PBXProject "CT-Covid-Data-App" */;
			compatibilityVersion = "Xcode 9.3";
			developmentRegion = en;
			hasScannedForEncodings = 0;
			knownRegions = (
				en,
				Base,
			);
			mainGroup = 041D27462580B26F00A2A541;
			productRefGroup = 041D27502580B26F00A2A541 /* Products */;
			projectDirPath = "";
			projectRoot = "";
			targets = (
				041D274E2580B26F00A2A541 /* CT-Covid-Data-App */,
				041D27642580B27400A2A541 /* CT-Covid-Data-AppTests */,
				041D276F2580B27400A2A541 /* CT-Covid-Data-AppUITests */,
			);
		};
/* End PBXProject section */

/* Begin PBXResourcesBuildPhase section */
		041D274D2580B26F00A2A541 /* Resources */ = {
			isa = PBXResourcesBuildPhase;
			buildActionMask = 2147483647;
			files = (
				047ABF9425865263006054AB /* Poppins in Resources */,
				041D275F2580B27400A2A541 /* LaunchScreen.storyboard in Resources */,
				041D275C2580B27400A2A541 /* Assets.xcassets in Resources */,
				041D275A2580B26F00A2A541 /* Main.storyboard in Resources */,
			);
			runOnlyForDeploymentPostprocessing = 0;
		};
		041D27632580B27400A2A541 /* Resources */ = {
			isa = PBXResourcesBuildPhase;
			buildActionMask = 2147483647;
			files = (
			);
			runOnlyForDeploymentPostprocessing = 0;
		};
		041D276E2580B27400A2A541 /* Resources */ = {
			isa = PBXResourcesBuildPhase;
			buildActionMask = 2147483647;
			files = (
			);
			runOnlyForDeploymentPostprocessing = 0;
		};
/* End PBXResourcesBuildPhase section */

/* Begin PBXSourcesBuildPhase section */
		041D274B2580B26F00A2A541 /* Sources */ = {
			isa = PBXSourcesBuildPhase;
			buildActionMask = 2147483647;
			files = (
				047ABF8F25865253006054AB /* Totals.swift in Sources */,
				041D27572580B26F00A2A541 /* ViewController.swift in Sources */,
				041D27532580B26F00A2A541 /* AppDelegate.swift in Sources */,
				047ABF8A25865239006054AB /* DataAlgos.swift in Sources */,
				041D27552580B26F00A2A541 /* SceneDelegate.swift in Sources */,
			);
			runOnlyForDeploymentPostprocessing = 0;
		};
		041D27612580B27400A2A541 /* Sources */ = {
			isa = PBXSourcesBuildPhase;
			buildActionMask = 2147483647;
			files = (
				041D276A2580B27400A2A541 /* CT_Covid_Data_AppTests.swift in Sources */,
			);
			runOnlyForDeploymentPostprocessing = 0;
		};
		041D276C2580B27400A2A541 /* Sources */ = {
			isa = PBXSourcesBuildPhase;
			buildActionMask = 2147483647;
			files = (
				041D27752580B27400A2A541 /* CT_Covid_Data_AppUITests.swift in Sources */,
			);
			runOnlyForDeploymentPostprocessing = 0;
		};
/* End PBXSourcesBuildPhase section */

/* Begin PBXTargetDependency section */
		041D27672580B27400A2A541 /* PBXTargetDependency */ = {
			isa = PBXTargetDependency;
			target = 041D274E2580B26F00A2A541 /* CT-Covid-Data-App */;
			targetProxy = 041D27662580B27400A2A541 /* PBXContainerItemProxy */;
		};
		041D27722580B27400A2A541 /* PBXTargetDependency */ = {
			isa = PBXTargetDependency;
			target = 041D274E2580B26F00A2A541 /* CT-Covid-Data-App */;
			targetProxy = 041D27712580B27400A2A541 /* PBXContainerItemProxy */;
		};
/* End PBXTargetDependency section */

/* Begin PBXVariantGroup section */
		041D27582580B26F00A2A541 /* Main.storyboard */ = {
			isa = PBXVariantGroup;
			children = (
				041D27592580B26F00A2A541 /* Base */,
			);
			name = Main.storyboard;
			sourceTree = "<group>";
		};
		041D275D2580B27400A2A541 /* LaunchScreen.storyboard */ = {
			isa = PBXVariantGroup;
			children = (
				041D275E2580B27400A2A541 /* Base */,
			);
			name = LaunchScreen.storyboard;
			sourceTree = "<group>";
		};
/* End PBXVariantGroup section */

/* Begin XCBuildConfiguration section */
		041D27772580B27400A2A541 /* Debug */ = {
			isa = XCBuildConfiguration;
			buildSettings = {
				ALWAYS_SEARCH_USER_PATHS = NO;
				CLANG_ANALYZER_NONNULL = YES;
				CLANG_ANALYZER_NUMBER_OBJECT_CONVERSION = YES_AGGRESSIVE;
				CLANG_CXX_LANGUAGE_STANDARD = "gnu++14";
				CLANG_CXX_LIBRARY = "libc++";
				CLANG_ENABLE_MODULES = YES;
				CLANG_ENABLE_OBJC_ARC = YES;
				CLANG_ENABLE_OBJC_WEAK = YES;
				CLANG_WARN_BLOCK_CAPTURE_AUTORELEASING = YES;
				CLANG_WARN_BOOL_CONVERSION = YES;
				CLANG_WARN_COMMA = YES;
				CLANG_WARN_CONSTANT_CONVERSION = YES;
				CLANG_WARN_DEPRECATED_OBJC_IMPLEMENTATIONS = YES;
				CLANG_WARN_DIRECT_OBJC_ISA_USAGE = YES_ERROR;
				CLANG_WARN_DOCUMENTATION_COMMENTS = YES;
				CLANG_WARN_EMPTY_BODY = YES;
				CLANG_WARN_ENUM_CONVERSION = YES;
				CLANG_WARN_INFINITE_RECURSION = YES;
				CLANG_WARN_INT_CONVERSION = YES;
				CLANG_WARN_NON_LITERAL_NULL_CONVERSION = YES;
				CLANG_WARN_OBJC_IMPLICIT_RETAIN_SELF = YES;
				CLANG_WARN_OBJC_LITERAL_CONVERSION = YES;
				CLANG_WARN_OBJC_ROOT_CLASS = YES_ERROR;
				CLANG_WARN_QUOTED_INCLUDE_IN_FRAMEWORK_HEADER = YES;
				CLANG_WARN_RANGE_LOOP_ANALYSIS = YES;
				CLANG_WARN_STRICT_PROTOTYPES = YES;
				CLANG_WARN_SUSPICIOUS_MOVE = YES;
				CLANG_WARN_UNGUARDED_AVAILABILITY = YES_AGGRESSIVE;
				CLANG_WARN_UNREACHABLE_CODE = YES;
				CLANG_WARN__DUPLICATE_METHOD_MATCH = YES;
				COPY_PHASE_STRIP = NO;
				DEBUG_INFORMATION_FORMAT = dwarf;
				ENABLE_STRICT_OBJC_MSGSEND = YES;
				ENABLE_TESTABILITY = YES;
				GCC_C_LANGUAGE_STANDARD = gnu11;
				GCC_DYNAMIC_NO_PIC = NO;
				GCC_NO_COMMON_BLOCKS = YES;
				GCC_OPTIMIZATION_LEVEL = 0;
				GCC_PREPROCESSOR_DEFINITIONS = (
					"DEBUG=1",
					"$(inherited)",
				);
				GCC_WARN_64_TO_32_BIT_CONVERSION = YES;
				GCC_WARN_ABOUT_RETURN_TYPE = YES_ERROR;
				GCC_WARN_UNDECLARED_SELECTOR = YES;
				GCC_WARN_UNINITIALIZED_AUTOS = YES_AGGRESSIVE;
				GCC_WARN_UNUSED_FUNCTION = YES;
				GCC_WARN_UNUSED_VARIABLE = YES;
				IPHONEOS_DEPLOYMENT_TARGET = 14.0;
				MTL_ENABLE_DEBUG_INFO = INCLUDE_SOURCE;
				MTL_FAST_MATH = YES;
				ONLY_ACTIVE_ARCH = YES;
				SDKROOT = iphoneos;
				SWIFT_ACTIVE_COMPILATION_CONDITIONS = DEBUG;
				SWIFT_OPTIMIZATION_LEVEL = "-Onone";
			};
			name = Debug;
		};
		041D27782580B27400A2A541 /* Release */ = {
			isa = XCBuildConfiguration;
			buildSettings = {
				ALWAYS_SEARCH_USER_PATHS = NO;
				CLANG_ANALYZER_NONNULL = YES;
				CLANG_ANALYZER_NUMBER_OBJECT_CONVERSION = YES_AGGRESSIVE;
				CLANG_CXX_LANGUAGE_STANDARD = "gnu++14";
				CLANG_CXX_LIBRARY = "libc++";
				CLANG_ENABLE_MODULES = YES;
				CLANG_ENABLE_OBJC_ARC = YES;
				CLANG_ENABLE_OBJC_WEAK = YES;
				CLANG_WARN_BLOCK_CAPTURE_AUTORELEASING = YES;
				CLANG_WARN_BOOL_CONVERSION = YES;
				CLANG_WARN_COMMA = YES;
				CLANG_WARN_CONSTANT_CONVERSION = YES;
				CLANG_WARN_DEPRECATED_OBJC_IMPLEMENTATIONS = YES;
				CLANG_WARN_DIRECT_OBJC_ISA_USAGE = YES_ERROR;
				CLANG_WARN_DOCUMENTATION_COMMENTS = YES;
				CLANG_WARN_EMPTY_BODY = YES;
				CLANG_WARN_ENUM_CONVERSION = YES;
				CLANG_WARN_INFINITE_RECURSION = YES;
				CLANG_WARN_INT_CONVERSION = YES;
				CLANG_WARN_NON_LITERAL_NULL_CONVERSION = YES;
				CLANG_WARN_OBJC_IMPLICIT_RETAIN_SELF = YES;
				CLANG_WARN_OBJC_LITERAL_CONVERSION = YES;
				CLANG_WARN_OBJC_ROOT_CLASS = YES_ERROR;
				CLANG_WARN_QUOTED_INCLUDE_IN_FRAMEWORK_HEADER = YES;
				CLANG_WARN_RANGE_LOOP_ANALYSIS = YES;
				CLANG_WARN_STRICT_PROTOTYPES = YES;
				CLANG_WARN_SUSPICIOUS_MOVE = YES;
				CLANG_WARN_UNGUARDED_AVAILABILITY = YES_AGGRESSIVE;
				CLANG_WARN_UNREACHABLE_CODE = YES;
				CLANG_WARN__DUPLICATE_METHOD_MATCH = YES;
				COPY_PHASE_STRIP = NO;
				DEBUG_INFORMATION_FORMAT = "dwarf-with-dsym";
				ENABLE_NS_ASSERTIONS = NO;
				ENABLE_STRICT_OBJC_MSGSEND = YES;
				GCC_C_LANGUAGE_STANDARD = gnu11;
				GCC_NO_COMMON_BLOCKS = YES;
				GCC_WARN_64_TO_32_BIT_CONVERSION = YES;
				GCC_WARN_ABOUT_RETURN_TYPE = YES_ERROR;
				GCC_WARN_UNDECLARED_SELECTOR = YES;
				GCC_WARN_UNINITIALIZED_AUTOS = YES_AGGRESSIVE;
				GCC_WARN_UNUSED_FUNCTION = YES;
				GCC_WARN_UNUSED_VARIABLE = YES;
				IPHONEOS_DEPLOYMENT_TARGET = 14.0;
				MTL_ENABLE_DEBUG_INFO = NO;
				MTL_FAST_MATH = YES;
				SDKROOT = iphoneos;
				SWIFT_COMPILATION_MODE = wholemodule;
				SWIFT_OPTIMIZATION_LEVEL = "-O";
				VALIDATE_PRODUCT = YES;
			};
			name = Release;
		};
		041D277A2580B27400A2A541 /* Debug */ = {
			isa = XCBuildConfiguration;
			buildSettings = {
				ASSETCATALOG_COMPILER_APPICON_NAME = AppIcon;
				ASSETCATALOG_COMPILER_GLOBAL_ACCENT_COLOR_NAME = AccentColor;
				CODE_SIGN_STYLE = Automatic;
				DEVELOPMENT_TEAM = KYM5GGBPCB;
				INFOPLIST_FILE = "CT-Covid-Data-App/Info.plist";
				LD_RUNPATH_SEARCH_PATHS = (
					"$(inherited)",
					"@executable_path/Frameworks",
				);
				PRODUCT_BUNDLE_IDENTIFIER = "com.jackjoseph.CT-Covid-Data-App";
				PRODUCT_NAME = "$(TARGET_NAME)";
				SWIFT_VERSION = 5.0;
				TARGETED_DEVICE_FAMILY = "1,2";
			};
			name = Debug;
		};
		041D277B2580B27400A2A541 /* Release */ = {
			isa = XCBuildConfiguration;
			buildSettings = {
				ASSETCATALOG_COMPILER_APPICON_NAME = AppIcon;
				ASSETCATALOG_COMPILER_GLOBAL_ACCENT_COLOR_NAME = AccentColor;
				CODE_SIGN_STYLE = Automatic;
				DEVELOPMENT_TEAM = KYM5GGBPCB;
				INFOPLIST_FILE = "CT-Covid-Data-App/Info.plist";
				LD_RUNPATH_SEARCH_PATHS = (
					"$(inherited)",
					"@executable_path/Frameworks",
				);
				PRODUCT_BUNDLE_IDENTIFIER = "com.jackjoseph.CT-Covid-Data-App";
				PRODUCT_NAME = "$(TARGET_NAME)";
				SWIFT_VERSION = 5.0;
				TARGETED_DEVICE_FAMILY = "1,2";
			};
			name = Release;
		};
		041D277D2580B27400A2A541 /* Debug */ = {
			isa = XCBuildConfiguration;
			buildSettings = {
				ALWAYS_EMBED_SWIFT_STANDARD_LIBRARIES = YES;
				BUNDLE_LOADER = "$(TEST_HOST)";
				CODE_SIGN_STYLE = Automatic;
				INFOPLIST_FILE = "CT-Covid-Data-AppTests/Info.plist";
				IPHONEOS_DEPLOYMENT_TARGET = 14.0;
				LD_RUNPATH_SEARCH_PATHS = (
					"$(inherited)",
					"@executable_path/Frameworks",
					"@loader_path/Frameworks",
				);
				PRODUCT_BUNDLE_IDENTIFIER = "com.jackjoseph.CT-Covid-Data-AppTests";
				PRODUCT_NAME = "$(TARGET_NAME)";
				SWIFT_VERSION = 5.0;
				TARGETED_DEVICE_FAMILY = "1,2";
				TEST_HOST = "$(BUILT_PRODUCTS_DIR)/CT-Covid-Data-App.app/CT-Covid-Data-App";
			};
			name = Debug;
		};
		041D277E2580B27400A2A541 /* Release */ = {
			isa = XCBuildConfiguration;
			buildSettings = {
				ALWAYS_EMBED_SWIFT_STANDARD_LIBRARIES = YES;
				BUNDLE_LOADER = "$(TEST_HOST)";
				CODE_SIGN_STYLE = Automatic;
				INFOPLIST_FILE = "CT-Covid-Data-AppTests/Info.plist";
				IPHONEOS_DEPLOYMENT_TARGET = 14.0;
				LD_RUNPATH_SEARCH_PATHS = (
					"$(inherited)",
					"@executable_path/Frameworks",
					"@loader_path/Frameworks",
				);
				PRODUCT_BUNDLE_IDENTIFIER = "com.jackjoseph.CT-Covid-Data-AppTests";
				PRODUCT_NAME = "$(TARGET_NAME)";
				SWIFT_VERSION = 5.0;
				TARGETED_DEVICE_FAMILY = "1,2";
				TEST_HOST = "$(BUILT_PRODUCTS_DIR)/CT-Covid-Data-App.app/CT-Covid-Data-App";
			};
			name = Release;
		};
		041D27802580B27400A2A541 /* Debug */ = {
			isa = XCBuildConfiguration;
			buildSettings = {
				ALWAYS_EMBED_SWIFT_STANDARD_LIBRARIES = YES;
				CODE_SIGN_STYLE = Automatic;
				INFOPLIST_FILE = "CT-Covid-Data-AppUITests/Info.plist";
				LD_RUNPATH_SEARCH_PATHS = (
					"$(inherited)",
					"@executable_path/Frameworks",
					"@loader_path/Frameworks",
				);
				PRODUCT_BUNDLE_IDENTIFIER = "com.jackjoseph.CT-Covid-Data-AppUITests";
				PRODUCT_NAME = "$(TARGET_NAME)";
				SWIFT_VERSION = 5.0;
				TARGETED_DEVICE_FAMILY = "1,2";
				TEST_TARGET_NAME = "CT-Covid-Data-App";
			};
			name = Debug;
		};
		041D27812580B27400A2A541 /* Release */ = {
			isa = XCBuildConfiguration;
			buildSettings = {
				ALWAYS_EMBED_SWIFT_STANDARD_LIBRARIES = YES;
				CODE_SIGN_STYLE = Automatic;
				INFOPLIST_FILE = "CT-Covid-Data-AppUITests/Info.plist";
				LD_RUNPATH_SEARCH_PATHS = (
					"$(inherited)",
					"@executable_path/Frameworks",
					"@loader_path/Frameworks",
				);
				PRODUCT_BUNDLE_IDENTIFIER = "com.jackjoseph.CT-Covid-Data-AppUITests";
				PRODUCT_NAME = "$(TARGET_NAME)";
				SWIFT_VERSION = 5.0;
				TARGETED_DEVICE_FAMILY = "1,2";
				TEST_TARGET_NAME = "CT-Covid-Data-App";
			};
			name = Release;
		};
/* End XCBuildConfiguration section */

/* Begin XCConfigurationList section */
		041D274A2580B26F00A2A541 /* Build configuration list for PBXProject "CT-Covid-Data-App" */ = {
			isa = XCConfigurationList;
			buildConfigurations = (
				041D27772580B27400A2A541 /* Debug */,
				041D27782580B27400A2A541 /* Release */,
			);
			defaultConfigurationIsVisible = 0;
			defaultConfigurationName = Release;
		};
		041D27792580B27400A2A541 /* Build configuration list for PBXNativeTarget "CT-Covid-Data-App" */ = {
			isa = XCConfigurationList;
			buildConfigurations = (
				041D277A2580B27400A2A541 /* Debug */,
				041D277B2580B27400A2A541 /* Release */,
			);
			defaultConfigurationIsVisible = 0;
			defaultConfigurationName = Release;
		};
		041D277C2580B27400A2A541 /* Build configuration list for PBXNativeTarget "CT-Covid-Data-AppTests" */ = {
			isa = XCConfigurationList;
			buildConfigurations = (
				041D277D2580B27400A2A541 /* Debug */,
				041D277E2580B27400A2A541 /* Release */,
			);
			defaultConfigurationIsVisible = 0;
			defaultConfigurationName = Release;
		};
		041D277F2580B27400A2A541 /* Build configuration list for PBXNativeTarget "CT-Covid-Data-AppUITests" */ = {
			isa = XCConfigurationList;
			buildConfigurations = (
				041D27802580B27400A2A541 /* Debug */,
				041D27812580B27400A2A541 /* Release */,
			);
			defaultConfigurationIsVisible = 0;
			defaultConfigurationName = Release;
		};
/* End XCConfigurationList section */
	};
	rootObject = 041D27472580B26F00A2A541 /* Project object */;
}
